
Microsoft Visual Studio Solution File, Format Version 12.00
# Visual Studio Version 16
VisualStudioVersion = 16.0.32106.194
MinimumVisualStudioVersion = 10.0.40219.1
Project("{FAE04EC0-301F-11D3-BF4B-00C04F79EFBC}") = "WPF.Task2", "WPF.Task2\WPF.Task2.csproj", "{5E02A20D-1880-44F4-BECD-3880D6D2E712}"
EndProject
Global
	GlobalSection(SolutionConfigurationPlatforms) = preSolution
		Debug|Any CPU = Debug|Any CPU
		Release|Any CPU = Release|Any CPU
	EndGlobalSection
	GlobalSection(ProjectConfigurationPlatforms) = postSolution
		{5E02A20D-1880-44F4-BECD-3880D6D2E712}.Debug|Any CPU.ActiveCfg = Debug|Any CPU
		{5E02A20D-1880-44F4-BECD-3880D6D2E712}.Debug|Any CPU.Build.0 = Debug|Any CPU
		{5E02A20D-1880-44F4-BECD-3880D6D2E712}.Release|Any CPU.ActiveCfg = Release|Any CPU
		{5E02A20D-1880-44F4-BECD-3880D6D2E712}.Release|Any CPU.Build.0 = Release|Any CPU
	EndGlobalSection
	GlobalSection(SolutionProperties) = preSolution
		HideSolutionNode = FALSE
	EndGlobalSection
	GlobalSection(ExtensibilityGlobals) = postSolution
		SolutionGuid = {F599E804-DC90-4B0F-88F2-A6DFCD530E61}
	EndGlobalSection
EndGlobal
